
Microsoft Visual Studio Solution File, Format Version 12.00
# Visual Studio Version 16
VisualStudioVersion = 16.0.28829.227
MinimumVisualStudioVersion = 10.0.40219.1
Project("{FAE04EC0-301F-11D3-BF4B-00C04F79EFBC}") = "WebApplication4", "..\aspnet_full_project\aspnet_full_project.csproj", "{9A6DA723-5828-4577-82B0-B1D32C05ED00}"
EndProject
Global
	GlobalSection(SolutionConfigurationPlatforms) = preSolution
		Debug|Any CPU = Debug|Any CPU
		Release|Any CPU = Release|Any CPU
	EndGlobalSection
	GlobalSection(ProjectConfigurationPlatforms) = postSolution
		{9A6DA723-5828-4577-82B0-B1D32C05ED00}.Debug|Any CPU.ActiveCfg = Debug|Any CPU
		{9A6DA723-5828-4577-82B0-B1D32C05ED00}.Debug|Any CPU.Build.0 = Debug|Any CPU
		{9A6DA723-5828-4577-82B0-B1D32C05ED00}.Release|Any CPU.ActiveCfg = Release|Any CPU
		{9A6DA723-5828-4577-82B0-B1D32C05ED00}.Release|Any CPU.Build.0 = Release|Any CPU
	EndGlobalSection
	GlobalSection(SolutionProperties) = preSolution
		HideSolutionNode = FALSE
	EndGlobalSection
	GlobalSection(ExtensibilityGlobals) = postSolution
		SolutionGuid = {EA183D58-9BE4-496C-801C-126B59F53748}
	EndGlobalSection
EndGlobal
